
Microsoft Visual Studio Solution File, Format Version 12.00
# Visual Studio Version 17
VisualStudioVersion = 17.14.36414.22 d17.14
MinimumVisualStudioVersion = 10.0.40219.1
Project("{FAE04EC0-301F-11D3-BF4B-00C04F79EFBC}") = "api-form", "api-form\api-form.csproj", "{A81CAF4B-45D1-4AF5-814E-525D8ACBBF4E}"
EndProject
Global
	GlobalSection(SolutionConfigurationPlatforms) = preSolution
		Debug|Any CPU = Debug|Any CPU
		Release|Any CPU = Release|Any CPU
	EndGlobalSection
	GlobalSection(ProjectConfigurationPlatforms) = postSolution
		{A81CAF4B-45D1-4AF5-814E-525D8ACBBF4E}.Debug|Any CPU.ActiveCfg = Debug|Any CPU
		{A81CAF4B-45D1-4AF5-814E-525D8ACBBF4E}.Debug|Any CPU.Build.0 = Debug|Any CPU
		{A81CAF4B-45D1-4AF5-814E-525D8ACBBF4E}.Release|Any CPU.ActiveCfg = Release|Any CPU
		{A81CAF4B-45D1-4AF5-814E-525D8ACBBF4E}.Release|Any CPU.Build.0 = Release|Any CPU
	EndGlobalSection
	GlobalSection(SolutionProperties) = preSolution
		HideSolutionNode = FALSE
	EndGlobalSection
	GlobalSection(ExtensibilityGlobals) = postSolution
		SolutionGuid = {80192886-DEB1-4165-83E4-F5F6DDD57FC3}
	EndGlobalSection
EndGlobal
